// !$*UTF8*$!
{
	archiveVersion = 1;
	classes = {
	};
	objectVersion = 55;
	objects = {

/* Begin PBXBuildFile section */
		D739EF93281682D7004090F5 /* AppDelegate.swift in Sources */ = {isa = PBXBuildFile; fileRef = D739EF92281682D7004090F5 /* AppDelegate.swift */; };
		D739EF95281682D7004090F5 /* SceneDelegate.swift in Sources */ = {isa = PBXBuildFile; fileRef = D739EF94281682D7004090F5 /* SceneDelegate.swift */; };
		D739EF97281682D7004090F5 /* IntroductionViewController.swift in Sources */ = {isa = PBXBuildFile; fileRef = D739EF96281682D7004090F5 /* IntroductionViewController.swift */; };
		D739EF9A281682D7004090F5 /* Main.storyboard in Resources */ = {isa = PBXBuildFile; fileRef = D739EF98281682D7004090F5 /* Main.storyboard */; };
		D739EF9C281682DC004090F5 /* Assets.xcassets in Resources */ = {isa = PBXBuildFile; fileRef = D739EF9B281682DC004090F5 /* Assets.xcassets */; };
		D739EF9F281682DC004090F5 /* LaunchScreen.storyboard in Resources */ = {isa = PBXBuildFile; fileRef = D739EF9D281682DC004090F5 /* LaunchScreen.storyboard */; };
		D739EFA7281688C6004090F5 /* LeferiPointBlack.otf in Resources */ = {isa = PBXBuildFile; fileRef = D739EFA6281688C6004090F5 /* LeferiPointBlack.otf */; };
		D739EFA928169178004090F5 /* LeferiPointWhite.otf in Resources */ = {isa = PBXBuildFile; fileRef = D739EFA828169178004090F5 /* LeferiPointWhite.otf */; };
		D739EFAB281691A0004090F5 /* LeferiBaseRegular.otf in Resources */ = {isa = PBXBuildFile; fileRef = D739EFAA281691A0004090F5 /* LeferiBaseRegular.otf */; };
		D739EFAD28169958004090F5 /* QuestionViewController.swift in Sources */ = {isa = PBXBuildFile; fileRef = D739EFAC28169958004090F5 /* QuestionViewController.swift */; };
		D739EFAF2816996D004090F5 /* ResultsViewController.swift in Sources */ = {isa = PBXBuildFile; fileRef = D739EFAE2816996D004090F5 /* ResultsViewController.swift */; };
		D739EFB32816BC0E004090F5 /* Question.swift in Sources */ = {isa = PBXBuildFile; fileRef = D739EFB22816BC0E004090F5 /* Question.swift */; };
/* End PBXBuildFile section */

/* Begin PBXFileReference section */
		D739EF8F281682D7004090F5 /* PersonalityQuiz.app */ = {isa = PBXFileReference; explicitFileType = wrapper.application; includeInIndex = 0; path = PersonalityQuiz.app; sourceTree = BUILT_PRODUCTS_DIR; };
		D739EF92281682D7004090F5 /* AppDelegate.swift */ = {isa = PBXFileReference; lastKnownFileType = sourcecode.swift; path = AppDelegate.swift; sourceTree = "<group>"; };
		D739EF94281682D7004090F5 /* SceneDelegate.swift */ = {isa = PBXFileReference; lastKnownFileType = sourcecode.swift; path = SceneDelegate.swift; sourceTree = "<group>"; };
		D739EF96281682D7004090F5 /* IntroductionViewController.swift */ = {isa = PBXFileReference; lastKnownFileType = sourcecode.swift; path = IntroductionViewController.swift; sourceTree = "<group>"; };
		D739EF99281682D7004090F5 /* Base */ = {isa = PBXFileReference; lastKnownFileType = file.storyboard; name = Base; path = Base.lproj/Main.storyboard; sourceTree = "<group>"; };
		D739EF9B281682DC004090F5 /* Assets.xcassets */ = {isa = PBXFileReference; lastKnownFileType = folder.assetcatalog; path = Assets.xcassets; sourceTree = "<group>"; };
		D739EF9E281682DC004090F5 /* Base */ = {isa = PBXFileReference; lastKnownFileType = file.storyboard; name = Base; path = Base.lproj/LaunchScreen.storyboard; sourceTree = "<group>"; };
		D739EFA0281682DC004090F5 /* Info.plist */ = {isa = PBXFileReference; lastKnownFileType = text.plist.xml; path = Info.plist; sourceTree = "<group>"; };
		D739EFA6281688C6004090F5 /* LeferiPointBlack.otf */ = {isa = PBXFileReference; lastKnownFileType = file; path = LeferiPointBlack.otf; sourceTree = "<group>"; };
		D739EFA828169178004090F5 /* LeferiPointWhite.otf */ = {isa = PBXFileReference; lastKnownFileType = file; path = LeferiPointWhite.otf; sourceTree = "<group>"; };
		D739EFAA281691A0004090F5 /* LeferiBaseRegular.otf */ = {isa = PBXFileReference; lastKnownFileType = file; path = LeferiBaseRegular.otf; sourceTree = "<group>"; };
		D739EFAC28169958004090F5 /* QuestionViewController.swift */ = {isa = PBXFileReference; lastKnownFileType = sourcecode.swift; path = QuestionViewController.swift; sourceTree = "<group>"; };
		D739EFAE2816996D004090F5 /* ResultsViewController.swift */ = {isa = PBXFileReference; lastKnownFileType = sourcecode.swift; path = ResultsViewController.swift; sourceTree = "<group>"; };
		D739EFB22816BC0E004090F5 /* Question.swift */ = {isa = PBXFileReference; lastKnownFileType = sourcecode.swift; path = Question.swift; sourceTree = "<group>"; };
/* End PBXFileReference section */

/* Begin PBXFrameworksBuildPhase section */
		D739EF8C281682D7004090F5 /* Frameworks */ = {
			isa = PBXFrameworksBuildPhase;
			buildActionMask = 2147483647;
			files = (
			);
			runOnlyForDeploymentPostprocessing = 0;
		};
/* End PBXFrameworksBuildPhase section */

/* Begin PBXGroup section */
		D739EF86281682D7004090F5 = {
			isa = PBXGroup;
			children = (
				D739EF91281682D7004090F5 /* PersonalityQuiz */,
				D739EF90281682D7004090F5 /* Products */,
			);
			sourceTree = "<group>";
		};
		D739EF90281682D7004090F5 /* Products */ = {
			isa = PBXGroup;
			children = (
				D739EF8F281682D7004090F5 /* PersonalityQuiz.app */,
			);
			name = Products;
			sourceTree = "<group>";
		};
		D739EF91281682D7004090F5 /* PersonalityQuiz */ = {
			isa = PBXGroup;
			children = (
				D739EFA6281688C6004090F5 /* LeferiPointBlack.otf */,
				D739EFA828169178004090F5 /* LeferiPointWhite.otf */,
				D739EFAA281691A0004090F5 /* LeferiBaseRegular.otf */,
				D739EF92281682D7004090F5 /* AppDelegate.swift */,
				D739EF94281682D7004090F5 /* SceneDelegate.swift */,
				D739EF96281682D7004090F5 /* IntroductionViewController.swift */,
				D739EFB22816BC0E004090F5 /* Question.swift */,
				D739EFAC28169958004090F5 /* QuestionViewController.swift */,
				D739EFAE2816996D004090F5 /* ResultsViewController.swift */,
				D739EF98281682D7004090F5 /* Main.storyboard */,
				D739EF9B281682DC004090F5 /* Assets.xcassets */,
				D739EF9D281682DC004090F5 /* LaunchScreen.storyboard */,
				D739EFA0281682DC004090F5 /* Info.plist */,
			);
			path = PersonalityQuiz;
			sourceTree = "<group>";
		};
/* End PBXGroup section */

/* Begin PBXNativeTarget section */
		D739EF8E281682D7004090F5 /* PersonalityQuiz */ = {
			isa = PBXNativeTarget;
			buildConfigurationList = D739EFA3281682DC004090F5 /* Build configuration list for PBXNativeTarget "PersonalityQuiz" */;
			buildPhases = (
				D739EF8B281682D7004090F5 /* Sources */,
				D739EF8C281682D7004090F5 /* Frameworks */,
				D739EF8D281682D7004090F5 /* Resources */,
			);
			buildRules = (
			);
			dependencies = (
			);
			name = PersonalityQuiz;
			productName = PersonalityQuiz;
			productReference = D739EF8F281682D7004090F5 /* PersonalityQuiz.app */;
			productType = "com.apple.product-type.application";
		};
/* End PBXNativeTarget section */

/* Begin PBXProject section */
		D739EF87281682D7004090F5 /* Project object */ = {
			isa = PBXProject;
			attributes = {
				BuildIndependentTargetsInParallel = 1;
				LastSwiftUpdateCheck = 1330;
				LastUpgradeCheck = 1330;
				TargetAttributes = {
					D739EF8E281682D7004090F5 = {
						CreatedOnToolsVersion = 13.3;
					};
				};
			};
			buildConfigurationList = D739EF8A281682D7004090F5 /* Build configuration list for PBXProject "PersonalityQuiz" */;
			compatibilityVersion = "Xcode 13.0";
			developmentRegion = en;
			hasScannedForEncodings = 0;
			knownRegions = (
				en,
				Base,
			);
			mainGroup = D739EF86281682D7004090F5;
			productRefGroup = D739EF90281682D7004090F5 /* Products */;
			projectDirPath = "";
			projectRoot = "";
			targets = (
				D739EF8E281682D7004090F5 /* PersonalityQuiz */,
			);
		};
/* End PBXProject section */

/* Begin PBXResourcesBuildPhase section */
		D739EF8D281682D7004090F5 /* Resources */ = {
			isa = PBXResourcesBuildPhase;
			buildActionMask = 2147483647;
			files = (
				D739EF9F281682DC004090F5 /* LaunchScreen.storyboard in Resources */,
				D739EFA7281688C6004090F5 /* LeferiPointBlack.otf in Resources */,
				D739EF9C281682DC004090F5 /* Assets.xcassets in Resources */,
				D739EF9A281682D7004090F5 /* Main.storyboard in Resources */,
				D739EFAB281691A0004090F5 /* LeferiBaseRegular.otf in Resources */,
				D739EFA928169178004090F5 /* LeferiPointWhite.otf in Resources */,
			);
			runOnlyForDeploymentPostprocessing = 0;
		};
/* End PBXResourcesBuildPhase section */

/* Begin PBXSourcesBuildPhase section */
		D739EF8B281682D7004090F5 /* Sources */ = {
			isa = PBXSourcesBuildPhase;
			buildActionMask = 2147483647;
			files = (
				D739EF97281682D7004090F5 /* IntroductionViewController.swift in Sources */,
				D739EF93281682D7004090F5 /* AppDelegate.swift in Sources */,
				D739EFAD28169958004090F5 /* QuestionViewController.swift in Sources */,
				D739EFB32816BC0E004090F5 /* Question.swift in Sources */,
				D739EFAF2816996D004090F5 /* ResultsViewController.swift in Sources */,
				D739EF95281682D7004090F5 /* SceneDelegate.swift in Sources */,
			);
			runOnlyForDeploymentPostprocessing = 0;
		};
/* End PBXSourcesBuildPhase section */

/* Begin PBXVariantGroup section */
		D739EF98281682D7004090F5 /* Main.storyboard */ = {
			isa = PBXVariantGroup;
			children = (
				D739EF99281682D7004090F5 /* Base */,
			);
			name = Main.storyboard;
			sourceTree = "<group>";
		};
		D739EF9D281682DC004090F5 /* LaunchScreen.storyboard */ = {
			isa = PBXVariantGroup;
			children = (
				D739EF9E281682DC004090F5 /* Base */,
			);
			name = LaunchScreen.storyboard;
			sourceTree = "<group>";
		};
/* End PBXVariantGroup section */

/* Begin XCBuildConfiguration section */
		D739EFA1281682DC004090F5 /* Debug */ = {
			isa = XCBuildConfiguration;
			buildSettings = {
				ALWAYS_SEARCH_USER_PATHS = NO;
				CLANG_ANALYZER_NONNULL = YES;
				CLANG_ANALYZER_NUMBER_OBJECT_CONVERSION = YES_AGGRESSIVE;
				CLANG_CXX_LANGUAGE_STANDARD = "gnu++17";
				CLANG_ENABLE_MODULES = YES;
				CLANG_ENABLE_OBJC_ARC = YES;
				CLANG_ENABLE_OBJC_WEAK = YES;
				CLANG_WARN_BLOCK_CAPTURE_AUTORELEASING = YES;
				CLANG_WARN_BOOL_CONVERSION = YES;
				CLANG_WARN_COMMA = YES;
				CLANG_WARN_CONSTANT_CONVERSION = YES;
				CLANG_WARN_DEPRECATED_OBJC_IMPLEMENTATIONS = YES;
				CLANG_WARN_DIRECT_OBJC_ISA_USAGE = YES_ERROR;
				CLANG_WARN_DOCUMENTATION_COMMENTS = YES;
				CLANG_WARN_EMPTY_BODY = YES;
				CLANG_WARN_ENUM_CONVERSION = YES;
				CLANG_WARN_INFINITE_RECURSION = YES;
				CLANG_WARN_INT_CONVERSION = YES;
				CLANG_WARN_NON_LITERAL_NULL_CONVERSION = YES;
				CLANG_WARN_OBJC_IMPLICIT_RETAIN_SELF = YES;
				CLANG_WARN_OBJC_LITERAL_CONVERSION = YES;
				CLANG_WARN_OBJC_ROOT_CLASS = YES_ERROR;
				CLANG_WARN_QUOTED_INCLUDE_IN_FRAMEWORK_HEADER = YES;
				CLANG_WARN_RANGE_LOOP_ANALYSIS = YES;
				CLANG_WARN_STRICT_PROTOTYPES = YES;
				CLANG_WARN_SUSPICIOUS_MOVE = YES;
				CLANG_WARN_UNGUARDED_AVAILABILITY = YES_AGGRESSIVE;
				CLANG_WARN_UNREACHABLE_CODE = YES;
				CLANG_WARN__DUPLICATE_METHOD_MATCH = YES;
				COPY_PHASE_STRIP = NO;
				DEBUG_INFORMATION_FORMAT = dwarf;
				ENABLE_STRICT_OBJC_MSGSEND = YES;
				ENABLE_TESTABILITY = YES;
				GCC_C_LANGUAGE_STANDARD = gnu11;
				GCC_DYNAMIC_NO_PIC = NO;
				GCC_NO_COMMON_BLOCKS = YES;
				GCC_OPTIMIZATION_LEVEL = 0;
				GCC_PREPROCESSOR_DEFINITIONS = (
					"DEBUG=1",
					"$(inherited)",
				);
				GCC_WARN_64_TO_32_BIT_CONVERSION = YES;
				GCC_WARN_ABOUT_RETURN_TYPE = YES_ERROR;
				GCC_WARN_UNDECLARED_SELECTOR = YES;
				GCC_WARN_UNINITIALIZED_AUTOS = YES_AGGRESSIVE;
				GCC_WARN_UNUSED_FUNCTION = YES;
				GCC_WARN_UNUSED_VARIABLE = YES;
				IPHONEOS_DEPLOYMENT_TARGET = 15.4;
				MTL_ENABLE_DEBUG_INFO = INCLUDE_SOURCE;
				MTL_FAST_MATH = YES;
				ONLY_ACTIVE_ARCH = YES;
				SDKROOT = iphoneos;
				SWIFT_ACTIVE_COMPILATION_CONDITIONS = DEBUG;
				SWIFT_OPTIMIZATION_LEVEL = "-Onone";
			};
			name = Debug;
		};
		D739EFA2281682DC004090F5 /* Release */ = {
			isa = XCBuildConfiguration;
			buildSettings = {
				ALWAYS_SEARCH_USER_PATHS = NO;
				CLANG_ANALYZER_NONNULL = YES;
				CLANG_ANALYZER_NUMBER_OBJECT_CONVERSION = YES_AGGRESSIVE;
				CLANG_CXX_LANGUAGE_STANDARD = "gnu++17";
				CLANG_ENABLE_MODULES = YES;
				CLANG_ENABLE_OBJC_ARC = YES;
				CLANG_ENABLE_OBJC_WEAK = YES;
				CLANG_WARN_BLOCK_CAPTURE_AUTORELEASING = YES;
				CLANG_WARN_BOOL_CONVERSION = YES;
				CLANG_WARN_COMMA = YES;
				CLANG_WARN_CONSTANT_CONVERSION = YES;
				CLANG_WARN_DEPRECATED_OBJC_IMPLEMENTATIONS = YES;
				CLANG_WARN_DIRECT_OBJC_ISA_USAGE = YES_ERROR;
				CLANG_WARN_DOCUMENTATION_COMMENTS = YES;
				CLANG_WARN_EMPTY_BODY = YES;
				CLANG_WARN_ENUM_CONVERSION = YES;
				CLANG_WARN_INFINITE_RECURSION = YES;
				CLANG_WARN_INT_CONVERSION = YES;
				CLANG_WARN_NON_LITERAL_NULL_CONVERSION = YES;
				CLANG_WARN_OBJC_IMPLICIT_RETAIN_SELF = YES;
				CLANG_WARN_OBJC_LITERAL_CONVERSION = YES;
				CLANG_WARN_OBJC_ROOT_CLASS = YES_ERROR;
				CLANG_WARN_QUOTED_INCLUDE_IN_FRAMEWORK_HEADER = YES;
				CLANG_WARN_RANGE_LOOP_ANALYSIS = YES;
				CLANG_WARN_STRICT_PROTOTYPES = YES;
				CLANG_WARN_SUSPICIOUS_MOVE = YES;
				CLANG_WARN_UNGUARDED_AVAILABILITY = YES_AGGRESSIVE;
				CLANG_WARN_UNREACHABLE_CODE = YES;
				CLANG_WARN__DUPLICATE_METHOD_MATCH = YES;
				COPY_PHASE_STRIP = NO;
				DEBUG_INFORMATION_FORMAT = "dwarf-with-dsym";
				ENABLE_NS_ASSERTIONS = NO;
				ENABLE_STRICT_OBJC_MSGSEND = YES;
				GCC_C_LANGUAGE_STANDARD = gnu11;
				GCC_NO_COMMON_BLOCKS = YES;
				GCC_WARN_64_TO_32_BIT_CONVERSION = YES;
				GCC_WARN_ABOUT_RETURN_TYPE = YES_ERROR;
				GCC_WARN_UNDECLARED_SELECTOR = YES;
				GCC_WARN_UNINITIALIZED_AUTOS = YES_AGGRESSIVE;
				GCC_WARN_UNUSED_FUNCTION = YES;
				GCC_WARN_UNUSED_VARIABLE = YES;
				IPHONEOS_DEPLOYMENT_TARGET = 15.4;
				MTL_ENABLE_DEBUG_INFO = NO;
				MTL_FAST_MATH = YES;
				SDKROOT = iphoneos;
				SWIFT_COMPILATION_MODE = wholemodule;
				SWIFT_OPTIMIZATION_LEVEL = "-O";
				VALIDATE_PRODUCT = YES;
			};
			name = Release;
		};
		D739EFA4281682DC004090F5 /* Debug */ = {
			isa = XCBuildConfiguration;
			buildSettings = {
				ASSETCATALOG_COMPILER_APPICON_NAME = AppIcon;
				ASSETCATALOG_COMPILER_GLOBAL_ACCENT_COLOR_NAME = AccentColor;
				CODE_SIGN_STYLE = Automatic;
				CURRENT_PROJECT_VERSION = 1;
				DEVELOPMENT_TEAM = GPPXQWWJUH;
				GENERATE_INFOPLIST_FILE = YES;
				INFOPLIST_FILE = PersonalityQuiz/Info.plist;
				INFOPLIST_KEY_UIApplicationSupportsIndirectInputEvents = YES;
				INFOPLIST_KEY_UILaunchStoryboardName = LaunchScreen;
				INFOPLIST_KEY_UIMainStoryboardFile = Main;
				INFOPLIST_KEY_UISupportedInterfaceOrientations_iPad = "UIInterfaceOrientationPortrait UIInterfaceOrientationPortraitUpsideDown UIInterfaceOrientationLandscapeLeft UIInterfaceOrientationLandscapeRight";
				INFOPLIST_KEY_UISupportedInterfaceOrientations_iPhone = "UIInterfaceOrientationPortrait UIInterfaceOrientationLandscapeLeft UIInterfaceOrientationLandscapeRight";
				LD_RUNPATH_SEARCH_PATHS = (
					"$(inherited)",
					"@executable_path/Frameworks",
				);
				MARKETING_VERSION = 1.0;
				PRODUCT_BUNDLE_IDENTIFIER = com.joohyun.PersonalityQuiz;
				PRODUCT_NAME = "$(TARGET_NAME)";
				SWIFT_EMIT_LOC_STRINGS = YES;
				SWIFT_VERSION = 5.0;
				TARGETED_DEVICE_FAMILY = "1,2";
			};
			name = Debug;
		};
		D739EFA5281682DC004090F5 /* Release */ = {
			isa = XCBuildConfiguration;
			buildSettings = {
				ASSETCATALOG_COMPILER_APPICON_NAME = AppIcon;
				ASSETCATALOG_COMPILER_GLOBAL_ACCENT_COLOR_NAME = AccentColor;
				CODE_SIGN_STYLE = Automatic;
				CURRENT_PROJECT_VERSION = 1;
				DEVELOPMENT_TEAM = GPPXQWWJUH;
				GENERATE_INFOPLIST_FILE = YES;
				INFOPLIST_FILE = PersonalityQuiz/Info.plist;
				INFOPLIST_KEY_UIApplicationSupportsIndirectInputEvents = YES;
				INFOPLIST_KEY_UILaunchStoryboardName = LaunchScreen;
				INFOPLIST_KEY_UIMainStoryboardFile = Main;
				INFOPLIST_KEY_UISupportedInterfaceOrientations_iPad = "UIInterfaceOrientationPortrait UIInterfaceOrientationPortraitUpsideDown UIInterfaceOrientationLandscapeLeft UIInterfaceOrientationLandscapeRight";
				INFOPLIST_KEY_UISupportedInterfaceOrientations_iPhone = "UIInterfaceOrientationPortrait UIInterfaceOrientationLandscapeLeft UIInterfaceOrientationLandscapeRight";
				LD_RUNPATH_SEARCH_PATHS = (
					"$(inherited)",
					"@executable_path/Frameworks",
				);
				MARKETING_VERSION = 1.0;
				PRODUCT_BUNDLE_IDENTIFIER = com.joohyun.PersonalityQuiz;
				PRODUCT_NAME = "$(TARGET_NAME)";
				SWIFT_EMIT_LOC_STRINGS = YES;
				SWIFT_VERSION = 5.0;
				TARGETED_DEVICE_FAMILY = "1,2";
			};
			name = Release;
		};
/* End XCBuildConfiguration section */

/* Begin XCConfigurationList section */
		D739EF8A281682D7004090F5 /* Build configuration list for PBXProject "PersonalityQuiz" */ = {
			isa = XCConfigurationList;
			buildConfigurations = (
				D739EFA1281682DC004090F5 /* Debug */,
				D739EFA2281682DC004090F5 /* Release */,
			);
			defaultConfigurationIsVisible = 0;
			defaultConfigurationName = Release;
		};
		D739EFA3281682DC004090F5 /* Build configuration list for PBXNativeTarget "PersonalityQuiz" */ = {
			isa = XCConfigurationList;
			buildConfigurations = (
				D739EFA4281682DC004090F5 /* Debug */,
				D739EFA5281682DC004090F5 /* Release */,
			);
			defaultConfigurationIsVisible = 0;
			defaultConfigurationName = Release;
		};
/* End XCConfigurationList section */
	};
	rootObject = D739EF87281682D7004090F5 /* Project object */;
}
